Microsoft Visual Studio Solution File, Format Version 12.00
# Visual Studio 15
VisualStudioVersion = 15.0.26124.0
MinimumVisualStudioVersion = 15.0.26124.0
Project("{9A19103F-16F7-4668-BE54-9A1E7A4F7556}") = "PSFormatDeepString", "PSFormatDeepString\PSFormatDeepString.csproj", "{B4CC3F9D-8AA2-4217-9A40-21D650017DEE}"
EndProject
Project("{9A19103F-16F7-4668-BE54-9A1E7A4F7556}") = "PSFormatDeepString.Test", "PSFormatDeepString.Test\PSFormatDeepString.Test.csproj", "{120DE36E-0315-4DBA-B945-17F43C6304CE}"
EndProject
Global
	GlobalSection(SolutionConfigurationPlatforms) = preSolution
		Debug|Any CPU = Debug|Any CPU
		Debug|x64 = Debug|x64
		Debug|x86 = Debug|x86
		Release|Any CPU = Release|Any CPU
		Release|x64 = Release|x64
		Release|x86 = Release|x86
	EndGlobalSection
	GlobalSection(ProjectConfigurationPlatforms) = postSolution
		{B4CC3F9D-8AA2-4217-9A40-21D650017DEE}.Debug|Any CPU.ActiveCfg = Debug|Any CPU
		{B4CC3F9D-8AA2-4217-9A40-21D650017DEE}.Debug|Any CPU.Build.0 = Debug|Any CPU
		{B4CC3F9D-8AA2-4217-9A40-21D650017DEE}.Debug|x64.ActiveCfg = Debug|Any CPU
		{B4CC3F9D-8AA2-4217-9A40-21D650017DEE}.Debug|x64.Build.0 = Debug|Any CPU
		{B4CC3F9D-8AA2-4217-9A40-21D650017DEE}.Debug|x86.ActiveCfg = Debug|Any CPU
		{B4CC3F9D-8AA2-4217-9A40-21D650017DEE}.Debug|x86.Build.0 = Debug|Any CPU
		{B4CC3F9D-8AA2-4217-9A40-21D650017DEE}.Release|Any CPU.ActiveCfg = Release|Any CPU
		{B4CC3F9D-8AA2-4217-9A40-21D650017DEE}.Release|Any CPU.Build.0 = Release|Any CPU
		{B4CC3F9D-8AA2-4217-9A40-21D650017DEE}.Release|x64.ActiveCfg = Release|Any CPU
		{B4CC3F9D-8AA2-4217-9A40-21D650017DEE}.Release|x64.Build.0 = Release|Any CPU
		{B4CC3F9D-8AA2-4217-9A40-21D650017DEE}.Release|x86.ActiveCfg = Release|Any CPU
		{B4CC3F9D-8AA2-4217-9A40-21D650017DEE}.Release|x86.Build.0 = Release|Any CPU
		{120DE36E-0315-4DBA-B945-17F43C6304CE}.Debug|Any CPU.ActiveCfg = Debug|Any CPU
		{120DE36E-0315-4DBA-B945-17F43C6304CE}.Debug|Any CPU.Build.0 = Debug|Any CPU
		{120DE36E-0315-4DBA-B945-17F43C6304CE}.Debug|x64.ActiveCfg = Debug|Any CPU
		{120DE36E-0315-4DBA-B945-17F43C6304CE}.Debug|x64.Build.0 = Debug|Any CPU
		{120DE36E-0315-4DBA-B945-17F43C6304CE}.Debug|x86.ActiveCfg = Debug|Any CPU
		{120DE36E-0315-4DBA-B945-17F43C6304CE}.Debug|x86.Build.0 = Debug|Any CPU
		{120DE36E-0315-4DBA-B945-17F43C6304CE}.Release|Any CPU.ActiveCfg = Release|Any CPU
		{120DE36E-0315-4DBA-B945-17F43C6304CE}.Release|Any CPU.Build.0 = Release|Any CPU
		{120DE36E-0315-4DBA-B945-17F43C6304CE}.Release|x64.ActiveCfg = Release|Any CPU
		{120DE36E-0315-4DBA-B945-17F43C6304CE}.Release|x64.Build.0 = Release|Any CPU
		{120DE36E-0315-4DBA-B945-17F43C6304CE}.Release|x86.ActiveCfg = Release|Any CPU
		{120DE36E-0315-4DBA-B945-17F43C6304CE}.Release|x86.Build.0 = Release|Any CPU
	EndGlobalSection
	GlobalSection(SolutionProperties) = preSolution
		HideSolutionNode = FALSE
	EndGlobalSection
	GlobalSection(ExtensibilityGlobals) = postSolution
		SolutionGuid = {42772400-E5C2-406B-AE3A-68A25B5557C0}
	EndGlobalSection
EndGlobal
